
Microsoft Visual Studio Solution File, Format Version 12.00
# Visual Studio Version 17
VisualStudioVersion = 17.4.33205.214
MinimumVisualStudioVersion = 10.0.40219.1
Project("{9A19103F-16F7-4668-BE54-9A1E7A4F7556}") = "Winch", "Winch\Winch.csproj", "{2473E013-AC60-4605-98CF-1F0C79DCA302}"
EndProject
Project("{9A19103F-16F7-4668-BE54-9A1E7A4F7556}") = "IntroSkipper", "Winch.Examples\IntroSkipper\IntroSkipper.csproj", "{561D1EF2-5AC2-4E97-B5C6-F645DC19A837}"
EndProject
Project("{9A19103F-16F7-4668-BE54-9A1E7A4F7556}") = "DisasterButton", "Winch.Examples\DisasterButton\DisasterButton.csproj", "{B2CFB1AF-4532-4CDB-8133-F33AF7350DC4}"
EndProject
Project("{9A19103F-16F7-4668-BE54-9A1E7A4F7556}") = "ExampleItems", "Winch.Examples\ExampleItems\ExampleItems.csproj", "{C112288E-E993-44F3-B7B0-FB4BD37F18EA}"
EndProject
Global
	GlobalSection(SolutionConfigurationPlatforms) = preSolution
		Debug|Any CPU = Debug|Any CPU
		Release|Any CPU = Release|Any CPU
	EndGlobalSection
	GlobalSection(ProjectConfigurationPlatforms) = postSolution
		{2473E013-AC60-4605-98CF-1F0C79DCA302}.Debug|Any CPU.ActiveCfg = Debug|Any CPU
		{2473E013-AC60-4605-98CF-1F0C79DCA302}.Debug|Any CPU.Build.0 = Debug|Any CPU
		{2473E013-AC60-4605-98CF-1F0C79DCA302}.Release|Any CPU.ActiveCfg = Release|Any CPU
		{2473E013-AC60-4605-98CF-1F0C79DCA302}.Release|Any CPU.Build.0 = Release|Any CPU
		{561D1EF2-5AC2-4E97-B5C6-F645DC19A837}.Debug|Any CPU.ActiveCfg = Debug|Any CPU
		{561D1EF2-5AC2-4E97-B5C6-F645DC19A837}.Debug|Any CPU.Build.0 = Debug|Any CPU
		{561D1EF2-5AC2-4E97-B5C6-F645DC19A837}.Release|Any CPU.ActiveCfg = Release|Any CPU
		{561D1EF2-5AC2-4E97-B5C6-F645DC19A837}.Release|Any CPU.Build.0 = Release|Any CPU
		{B2CFB1AF-4532-4CDB-8133-F33AF7350DC4}.Debug|Any CPU.ActiveCfg = Debug|Any CPU
		{B2CFB1AF-4532-4CDB-8133-F33AF7350DC4}.Debug|Any CPU.Build.0 = Debug|Any CPU
		{B2CFB1AF-4532-4CDB-8133-F33AF7350DC4}.Release|Any CPU.ActiveCfg = Release|Any CPU
		{B2CFB1AF-4532-4CDB-8133-F33AF7350DC4}.Release|Any CPU.Build.0 = Release|Any CPU
		{C112288E-E993-44F3-B7B0-FB4BD37F18EA}.Debug|Any CPU.ActiveCfg = Debug|Any CPU
		{C112288E-E993-44F3-B7B0-FB4BD37F18EA}.Debug|Any CPU.Build.0 = Debug|Any CPU
		{C112288E-E993-44F3-B7B0-FB4BD37F18EA}.Release|Any CPU.ActiveCfg = Release|Any CPU
		{C112288E-E993-44F3-B7B0-FB4BD37F18EA}.Release|Any CPU.Build.0 = Release|Any CPU
	EndGlobalSection
	GlobalSection(SolutionProperties) = preSolution
		HideSolutionNode = FALSE
	EndGlobalSection
	GlobalSection(ExtensibilityGlobals) = postSolution
		SolutionGuid = {4A468523-1AD6-4859-B67F-5D7CED54489B}
	EndGlobalSection
EndGlobal
